
Microsoft Visual Studio Solution File, Format Version 12.00
# Visual Studio Version 17
VisualStudioVersion = 17.10.35013.160
MinimumVisualStudioVersion = 10.0.40219.1
Project("{FAE04EC0-301F-11D3-BF4B-00C04F79EFBC}") = "MyLibraryAPI", "MyLibraryAPI\MyLibraryAPI.csproj", "{8E38CC88-C7DC-4754-95F8-345451857302}"
EndProject
Global
	GlobalSection(SolutionConfigurationPlatforms) = preSolution
		Debug|Any CPU = Debug|Any CPU
		Release|Any CPU = Release|Any CPU
	EndGlobalSection
	GlobalSection(ProjectConfigurationPlatforms) = postSolution
		{8E38CC88-C7DC-4754-95F8-345451857302}.Debug|Any CPU.ActiveCfg = Debug|Any CPU
		{8E38CC88-C7DC-4754-95F8-345451857302}.Debug|Any CPU.Build.0 = Debug|Any CPU
		{8E38CC88-C7DC-4754-95F8-345451857302}.Release|Any CPU.ActiveCfg = Release|Any CPU
		{8E38CC88-C7DC-4754-95F8-345451857302}.Release|Any CPU.Build.0 = Release|Any CPU
	EndGlobalSection
	GlobalSection(SolutionProperties) = preSolution
		HideSolutionNode = FALSE
	EndGlobalSection
	GlobalSection(ExtensibilityGlobals) = postSolution
		SolutionGuid = {8EC2FB9B-DAAD-4AA3-B5BD-DF62708F7A30}
	EndGlobalSection
EndGlobal
